// !$*UTF8*$!
{
	archiveVersion = 1;
	classes = {
	};
	objectVersion = 56;
	objects = {

/* Begin PBXBuildFile section */
		947E247F2A45A27F00C759F7 /* AppDelegate.swift in Sources */ = {isa = PBXBuildFile; fileRef = 947E247E2A45A27F00C759F7 /* AppDelegate.swift */; };
		947E24812A45A27F00C759F7 /* SceneDelegate.swift in Sources */ = {isa = PBXBuildFile; fileRef = 947E24802A45A27F00C759F7 /* SceneDelegate.swift */; };
		947E24832A45A27F00C759F7 /* ViewController.swift in Sources */ = {isa = PBXBuildFile; fileRef = 947E24822A45A27F00C759F7 /* ViewController.swift */; };
		947E24862A45A27F00C759F7 /* Main.storyboard in Resources */ = {isa = PBXBuildFile; fileRef = 947E24842A45A27F00C759F7 /* Main.storyboard */; };
		947E24882A45A28100C759F7 /* Assets.xcassets in Resources */ = {isa = PBXBuildFile; fileRef = 947E24872A45A28100C759F7 /* Assets.xcassets */; };
		947E248B2A45A28100C759F7 /* LaunchScreen.storyboard in Resources */ = {isa = PBXBuildFile; fileRef = 947E24892A45A28100C759F7 /* LaunchScreen.storyboard */; };
		947E24942A45A2B200C759F7 /* SpringAnimation in Frameworks */ = {isa = PBXBuildFile; productRef = 947E24932A45A2B200C759F7 /* SpringAnimation */; };
		947E24982A46DDC100C759F7 /* DataStore.swift in Sources */ = {isa = PBXBuildFile; fileRef = 947E24972A46DDC100C759F7 /* DataStore.swift */; };
/* End PBXBuildFile section */

/* Begin PBXFileReference section */
		947E247B2A45A27F00C759F7 /* SpringHW.app */ = {isa = PBXFileReference; explicitFileType = wrapper.application; includeInIndex = 0; path = SpringHW.app; sourceTree = BUILT_PRODUCTS_DIR; };
		947E247E2A45A27F00C759F7 /* AppDelegate.swift */ = {isa = PBXFileReference; lastKnownFileType = sourcecode.swift; path = AppDelegate.swift; sourceTree = "<group>"; };
		947E24802A45A27F00C759F7 /* SceneDelegate.swift */ = {isa = PBXFileReference; lastKnownFileType = sourcecode.swift; path = SceneDelegate.swift; sourceTree = "<group>"; };
		947E24822A45A27F00C759F7 /* ViewController.swift */ = {isa = PBXFileReference; lastKnownFileType = sourcecode.swift; path = ViewController.swift; sourceTree = "<group>"; };
		947E24852A45A27F00C759F7 /* Base */ = {isa = PBXFileReference; lastKnownFileType = file.storyboard; name = Base; path = Base.lproj/Main.storyboard; sourceTree = "<group>"; };
		947E24872A45A28100C759F7 /* Assets.xcassets */ = {isa = PBXFileReference; lastKnownFileType = folder.assetcatalog; path = Assets.xcassets; sourceTree = "<group>"; };
		947E248A2A45A28100C759F7 /* Base */ = {isa = PBXFileReference; lastKnownFileType = file.storyboard; name = Base; path = Base.lproj/LaunchScreen.storyboard; sourceTree = "<group>"; };
		947E248C2A45A28100C759F7 /* Info.plist */ = {isa = PBXFileReference; lastKnownFileType = text.plist.xml; path = Info.plist; sourceTree = "<group>"; };
		947E24972A46DDC100C759F7 /* DataStore.swift */ = {isa = PBXFileReference; lastKnownFileType = sourcecode.swift; path = DataStore.swift; sourceTree = "<group>"; };
/* End PBXFileReference section */

/* Begin PBXFrameworksBuildPhase section */
		947E24782A45A27F00C759F7 /* Frameworks */ = {
			isa = PBXFrameworksBuildPhase;
			buildActionMask = 2147483647;
			files = (
				947E24942A45A2B200C759F7 /* SpringAnimation in Frameworks */,
			);
			runOnlyForDeploymentPostprocessing = 0;
		};
/* End PBXFrameworksBuildPhase section */

/* Begin PBXGroup section */
		947E24722A45A27F00C759F7 = {
			isa = PBXGroup;
			children = (
				947E247D2A45A27F00C759F7 /* SpringHW */,
				947E247C2A45A27F00C759F7 /* Products */,
			);
			sourceTree = "<group>";
		};
		947E247C2A45A27F00C759F7 /* Products */ = {
			isa = PBXGroup;
			children = (
				947E247B2A45A27F00C759F7 /* SpringHW.app */,
			);
			name = Products;
			sourceTree = "<group>";
		};
		947E247D2A45A27F00C759F7 /* SpringHW */ = {
			isa = PBXGroup;
			children = (
				947E249C2A46DF6C00C759F7 /* App */,
				947E249B2A46DF4800C759F7 /* ViewControllers */,
				947E24992A46DDCB00C759F7 /* DataStore */,
				947E249A2A46DF3F00C759F7 /* Storyboards */,
				947E24872A45A28100C759F7 /* Assets.xcassets */,
				947E248C2A45A28100C759F7 /* Info.plist */,
			);
			path = SpringHW;
			sourceTree = "<group>";
		};
		947E24992A46DDCB00C759F7 /* DataStore */ = {
			isa = PBXGroup;
			children = (
				947E24972A46DDC100C759F7 /* DataStore.swift */,
			);
			path = DataStore;
			sourceTree = "<group>";
		};
		947E249A2A46DF3F00C759F7 /* Storyboards */ = {
			isa = PBXGroup;
			children = (
				947E24842A45A27F00C759F7 /* Main.storyboard */,
				947E24892A45A28100C759F7 /* LaunchScreen.storyboard */,
			);
			path = Storyboards;
			sourceTree = "<group>";
		};
		947E249B2A46DF4800C759F7 /* ViewControllers */ = {
			isa = PBXGroup;
			children = (
				947E24822A45A27F00C759F7 /* ViewController.swift */,
			);
			path = ViewControllers;
			sourceTree = "<group>";
		};
		947E249C2A46DF6C00C759F7 /* App */ = {
			isa = PBXGroup;
			children = (
				947E247E2A45A27F00C759F7 /* AppDelegate.swift */,
				947E24802A45A27F00C759F7 /* SceneDelegate.swift */,
			);
			path = App;
			sourceTree = "<group>";
		};
/* End PBXGroup section */

/* Begin PBXNativeTarget section */
		947E247A2A45A27F00C759F7 /* SpringHW */ = {
			isa = PBXNativeTarget;
			buildConfigurationList = 947E248F2A45A28100C759F7 /* Build configuration list for PBXNativeTarget "SpringHW" */;
			buildPhases = (
				947E24772A45A27F00C759F7 /* Sources */,
				947E24782A45A27F00C759F7 /* Frameworks */,
				947E24792A45A27F00C759F7 /* Resources */,
			);
			buildRules = (
			);
			dependencies = (
			);
			name = SpringHW;
			packageProductDependencies = (
				947E24932A45A2B200C759F7 /* SpringAnimation */,
			);
			productName = SpringHW;
			productReference = 947E247B2A45A27F00C759F7 /* SpringHW.app */;
			productType = "com.apple.product-type.application";
		};
/* End PBXNativeTarget section */

/* Begin PBXProject section */
		947E24732A45A27F00C759F7 /* Project object */ = {
			isa = PBXProject;
			attributes = {
				BuildIndependentTargetsInParallel = 1;
				LastSwiftUpdateCheck = 1430;
				LastUpgradeCheck = 1430;
				TargetAttributes = {
					947E247A2A45A27F00C759F7 = {
						CreatedOnToolsVersion = 14.3;
					};
				};
			};
			buildConfigurationList = 947E24762A45A27F00C759F7 /* Build configuration list for PBXProject "SpringHW" */;
			compatibilityVersion = "Xcode 14.0";
			developmentRegion = en;
			hasScannedForEncodings = 0;
			knownRegions = (
				en,
				Base,
			);
			mainGroup = 947E24722A45A27F00C759F7;
			packageReferences = (
				947E24922A45A2B200C759F7 /* XCRemoteSwiftPackageReference "SpringAnimation" */,
			);
			productRefGroup = 947E247C2A45A27F00C759F7 /* Products */;
			projectDirPath = "";
			projectRoot = "";
			targets = (
				947E247A2A45A27F00C759F7 /* SpringHW */,
			);
		};
/* End PBXProject section */

/* Begin PBXResourcesBuildPhase section */
		947E24792A45A27F00C759F7 /* Resources */ = {
			isa = PBXResourcesBuildPhase;
			buildActionMask = 2147483647;
			files = (
				947E248B2A45A28100C759F7 /* LaunchScreen.storyboard in Resources */,
				947E24882A45A28100C759F7 /* Assets.xcassets in Resources */,
				947E24862A45A27F00C759F7 /* Main.storyboard in Resources */,
			);
			runOnlyForDeploymentPostprocessing = 0;
		};
/* End PBXResourcesBuildPhase section */

/* Begin PBXSourcesBuildPhase section */
		947E24772A45A27F00C759F7 /* Sources */ = {
			isa = PBXSourcesBuildPhase;
			buildActionMask = 2147483647;
			files = (
				947E24832A45A27F00C759F7 /* ViewController.swift in Sources */,
				947E24982A46DDC100C759F7 /* DataStore.swift in Sources */,
				947E247F2A45A27F00C759F7 /* AppDelegate.swift in Sources */,
				947E24812A45A27F00C759F7 /* SceneDelegate.swift in Sources */,
			);
			runOnlyForDeploymentPostprocessing = 0;
		};
/* End PBXSourcesBuildPhase section */

/* Begin PBXVariantGroup section */
		947E24842A45A27F00C759F7 /* Main.storyboard */ = {
			isa = PBXVariantGroup;
			children = (
				947E24852A45A27F00C759F7 /* Base */,
			);
			name = Main.storyboard;
			sourceTree = "<group>";
		};
		947E24892A45A28100C759F7 /* LaunchScreen.storyboard */ = {
			isa = PBXVariantGroup;
			children = (
				947E248A2A45A28100C759F7 /* Base */,
			);
			name = LaunchScreen.storyboard;
			sourceTree = "<group>";
		};
/* End PBXVariantGroup section */

/* Begin XCBuildConfiguration section */
		947E248D2A45A28100C759F7 /* Debug */ = {
			isa = XCBuildConfiguration;
			buildSettings = {
				ALWAYS_SEARCH_USER_PATHS = NO;
				CLANG_ANALYZER_NONNULL = YES;
				CLANG_ANALYZER_NUMBER_OBJECT_CONVERSION = YES_AGGRESSIVE;
				CLANG_CXX_LANGUAGE_STANDARD = "gnu++20";
				CLANG_ENABLE_MODULES = YES;
				CLANG_ENABLE_OBJC_ARC = YES;
				CLANG_ENABLE_OBJC_WEAK = YES;
				CLANG_WARN_BLOCK_CAPTURE_AUTORELEASING = YES;
				CLANG_WARN_BOOL_CONVERSION = YES;
				CLANG_WARN_COMMA = YES;
				CLANG_WARN_CONSTANT_CONVERSION = YES;
				CLANG_WARN_DEPRECATED_OBJC_IMPLEMENTATIONS = YES;
				CLANG_WARN_DIRECT_OBJC_ISA_USAGE = YES_ERROR;
				CLANG_WARN_DOCUMENTATION_COMMENTS = YES;
				CLANG_WARN_EMPTY_BODY = YES;
				CLANG_WARN_ENUM_CONVERSION = YES;
				CLANG_WARN_INFINITE_RECURSION = YES;
				CLANG_WARN_INT_CONVERSION = YES;
				CLANG_WARN_NON_LITERAL_NULL_CONVERSION = YES;
				CLANG_WARN_OBJC_IMPLICIT_RETAIN_SELF = YES;
				CLANG_WARN_OBJC_LITERAL_CONVERSION = YES;
				CLANG_WARN_OBJC_ROOT_CLASS = YES_ERROR;
				CLANG_WARN_QUOTED_INCLUDE_IN_FRAMEWORK_HEADER = YES;
				CLANG_WARN_RANGE_LOOP_ANALYSIS = YES;
				CLANG_WARN_STRICT_PROTOTYPES = YES;
				CLANG_WARN_SUSPICIOUS_MOVE = YES;
				CLANG_WARN_UNGUARDED_AVAILABILITY = YES_AGGRESSIVE;
				CLANG_WARN_UNREACHABLE_CODE = YES;
				CLANG_WARN__DUPLICATE_METHOD_MATCH = YES;
				COPY_PHASE_STRIP = NO;
				DEBUG_INFORMATION_FORMAT = dwarf;
				ENABLE_STRICT_OBJC_MSGSEND = YES;
				ENABLE_TESTABILITY = YES;
				GCC_C_LANGUAGE_STANDARD = gnu11;
				GCC_DYNAMIC_NO_PIC = NO;
				GCC_NO_COMMON_BLOCKS = YES;
				GCC_OPTIMIZATION_LEVEL = 0;
				GCC_PREPROCESSOR_DEFINITIONS = (
					"DEBUG=1",
					"$(inherited)",
				);
				GCC_WARN_64_TO_32_BIT_CONVERSION = YES;
				GCC_WARN_ABOUT_RETURN_TYPE = YES_ERROR;
				GCC_WARN_UNDECLARED_SELECTOR = YES;
				GCC_WARN_UNINITIALIZED_AUTOS = YES_AGGRESSIVE;
				GCC_WARN_UNUSED_FUNCTION = YES;
				GCC_WARN_UNUSED_VARIABLE = YES;
				IPHONEOS_DEPLOYMENT_TARGET = 16.4;
				MTL_ENABLE_DEBUG_INFO = INCLUDE_SOURCE;
				MTL_FAST_MATH = YES;
				ONLY_ACTIVE_ARCH = YES;
				SDKROOT = iphoneos;
				SWIFT_ACTIVE_COMPILATION_CONDITIONS = DEBUG;
				SWIFT_OPTIMIZATION_LEVEL = "-Onone";
			};
			name = Debug;
		};
		947E248E2A45A28100C759F7 /* Release */ = {
			isa = XCBuildConfiguration;
			buildSettings = {
				ALWAYS_SEARCH_USER_PATHS = NO;
				CLANG_ANALYZER_NONNULL = YES;
				CLANG_ANALYZER_NUMBER_OBJECT_CONVERSION = YES_AGGRESSIVE;
				CLANG_CXX_LANGUAGE_STANDARD = "gnu++20";
				CLANG_ENABLE_MODULES = YES;
				CLANG_ENABLE_OBJC_ARC = YES;
				CLANG_ENABLE_OBJC_WEAK = YES;
				CLANG_WARN_BLOCK_CAPTURE_AUTORELEASING = YES;
				CLANG_WARN_BOOL_CONVERSION = YES;
				CLANG_WARN_COMMA = YES;
				CLANG_WARN_CONSTANT_CONVERSION = YES;
				CLANG_WARN_DEPRECATED_OBJC_IMPLEMENTATIONS = YES;
				CLANG_WARN_DIRECT_OBJC_ISA_USAGE = YES_ERROR;
				CLANG_WARN_DOCUMENTATION_COMMENTS = YES;
				CLANG_WARN_EMPTY_BODY = YES;
				CLANG_WARN_ENUM_CONVERSION = YES;
				CLANG_WARN_INFINITE_RECURSION = YES;
				CLANG_WARN_INT_CONVERSION = YES;
				CLANG_WARN_NON_LITERAL_NULL_CONVERSION = YES;
				CLANG_WARN_OBJC_IMPLICIT_RETAIN_SELF = YES;
				CLANG_WARN_OBJC_LITERAL_CONVERSION = YES;
				CLANG_WARN_OBJC_ROOT_CLASS = YES_ERROR;
				CLANG_WARN_QUOTED_INCLUDE_IN_FRAMEWORK_HEADER = YES;
				CLANG_WARN_RANGE_LOOP_ANALYSIS = YES;
				CLANG_WARN_STRICT_PROTOTYPES = YES;
				CLANG_WARN_SUSPICIOUS_MOVE = YES;
				CLANG_WARN_UNGUARDED_AVAILABILITY = YES_AGGRESSIVE;
				CLANG_WARN_UNREACHABLE_CODE = YES;
				CLANG_WARN__DUPLICATE_METHOD_MATCH = YES;
				COPY_PHASE_STRIP = NO;
				DEBUG_INFORMATION_FORMAT = "dwarf-with-dsym";
				ENABLE_NS_ASSERTIONS = NO;
				ENABLE_STRICT_OBJC_MSGSEND = YES;
				GCC_C_LANGUAGE_STANDARD = gnu11;
				GCC_NO_COMMON_BLOCKS = YES;
				GCC_WARN_64_TO_32_BIT_CONVERSION = YES;
				GCC_WARN_ABOUT_RETURN_TYPE = YES_ERROR;
				GCC_WARN_UNDECLARED_SELECTOR = YES;
				GCC_WARN_UNINITIALIZED_AUTOS = YES_AGGRESSIVE;
				GCC_WARN_UNUSED_FUNCTION = YES;
				GCC_WARN_UNUSED_VARIABLE = YES;
				IPHONEOS_DEPLOYMENT_TARGET = 16.4;
				MTL_ENABLE_DEBUG_INFO = NO;
				MTL_FAST_MATH = YES;
				SDKROOT = iphoneos;
				SWIFT_COMPILATION_MODE = wholemodule;
				SWIFT_OPTIMIZATION_LEVEL = "-O";
				VALIDATE_PRODUCT = YES;
			};
			name = Release;
		};
		947E24902A45A28100C759F7 /* Debug */ = {
			isa = XCBuildConfiguration;
			buildSettings = {
				ASSETCATALOG_COMPILER_APPICON_NAME = AppIcon;
				ASSETCATALOG_COMPILER_GLOBAL_ACCENT_COLOR_NAME = AccentColor;
				CODE_SIGN_STYLE = Automatic;
				CURRENT_PROJECT_VERSION = 1;
				GENERATE_INFOPLIST_FILE = YES;
				INFOPLIST_FILE = SpringHW/Info.plist;
				INFOPLIST_KEY_UIApplicationSupportsIndirectInputEvents = YES;
				INFOPLIST_KEY_UILaunchStoryboardName = LaunchScreen;
				INFOPLIST_KEY_UIMainStoryboardFile = Main;
				INFOPLIST_KEY_UISupportedInterfaceOrientations_iPad = "UIInterfaceOrientationPortrait UIInterfaceOrientationPortraitUpsideDown UIInterfaceOrientationLandscapeLeft UIInterfaceOrientationLandscapeRight";
				INFOPLIST_KEY_UISupportedInterfaceOrientations_iPhone = "UIInterfaceOrientationPortrait UIInterfaceOrientationLandscapeLeft UIInterfaceOrientationLandscapeRight";
				LD_RUNPATH_SEARCH_PATHS = (
					"$(inherited)",
					"@executable_path/Frameworks",
				);
				MARKETING_VERSION = 1.0;
				PRODUCT_BUNDLE_IDENTIFIER = ArtemyDerik.SpringHW;
				PRODUCT_NAME = "$(TARGET_NAME)";
				SWIFT_EMIT_LOC_STRINGS = YES;
				SWIFT_VERSION = 5.0;
				TARGETED_DEVICE_FAMILY = "1,2";
			};
			name = Debug;
		};
		947E24912A45A28100C759F7 /* Release */ = {
			isa = XCBuildConfiguration;
			buildSettings = {
				ASSETCATALOG_COMPILER_APPICON_NAME = AppIcon;
				ASSETCATALOG_COMPILER_GLOBAL_ACCENT_COLOR_NAME = AccentColor;
				CODE_SIGN_STYLE = Automatic;
				CURRENT_PROJECT_VERSION = 1;
				GENERATE_INFOPLIST_FILE = YES;
				INFOPLIST_FILE = SpringHW/Info.plist;
				INFOPLIST_KEY_UIApplicationSupportsIndirectInputEvents = YES;
				INFOPLIST_KEY_UILaunchStoryboardName = LaunchScreen;
				INFOPLIST_KEY_UIMainStoryboardFile = Main;
				INFOPLIST_KEY_UISupportedInterfaceOrientations_iPad = "UIInterfaceOrientationPortrait UIInterfaceOrientationPortraitUpsideDown UIInterfaceOrientationLandscapeLeft UIInterfaceOrientationLandscapeRight";
				INFOPLIST_KEY_UISupportedInterfaceOrientations_iPhone = "UIInterfaceOrientationPortrait UIInterfaceOrientationLandscapeLeft UIInterfaceOrientationLandscapeRight";
				LD_RUNPATH_SEARCH_PATHS = (
					"$(inherited)",
					"@executable_path/Frameworks",
				);
				MARKETING_VERSION = 1.0;
				PRODUCT_BUNDLE_IDENTIFIER = ArtemyDerik.SpringHW;
				PRODUCT_NAME = "$(TARGET_NAME)";
				SWIFT_EMIT_LOC_STRINGS = YES;
				SWIFT_VERSION = 5.0;
				TARGETED_DEVICE_FAMILY = "1,2";
			};
			name = Release;
		};
/* End XCBuildConfiguration section */

/* Begin XCConfigurationList section */
		947E24762A45A27F00C759F7 /* Build configuration list for PBXProject "SpringHW" */ = {
			isa = XCConfigurationList;
			buildConfigurations = (
				947E248D2A45A28100C759F7 /* Debug */,
				947E248E2A45A28100C759F7 /* Release */,
			);
			defaultConfigurationIsVisible = 0;
			defaultConfigurationName = Release;
		};
		947E248F2A45A28100C759F7 /* Build configuration list for PBXNativeTarget "SpringHW" */ = {
			isa = XCConfigurationList;
			buildConfigurations = (
				947E24902A45A28100C759F7 /* Debug */,
				947E24912A45A28100C759F7 /* Release */,
			);
			defaultConfigurationIsVisible = 0;
			defaultConfigurationName = Release;
		};
/* End XCConfigurationList section */

/* Begin XCRemoteSwiftPackageReference section */
		947E24922A45A2B200C759F7 /* XCRemoteSwiftPackageReference "SpringAnimation" */ = {
			isa = XCRemoteSwiftPackageReference;
			repositoryURL = "https://github.com/LexDeBash/SpringAnimation";
			requirement = {
				kind = upToNextMajorVersion;
				minimumVersion = 0.3.0;
			};
		};
/* End XCRemoteSwiftPackageReference section */

/* Begin XCSwiftPackageProductDependency section */
		947E24932A45A2B200C759F7 /* SpringAnimation */ = {
			isa = XCSwiftPackageProductDependency;
			package = 947E24922A45A2B200C759F7 /* XCRemoteSwiftPackageReference "SpringAnimation" */;
			productName = SpringAnimation;
		};
/* End XCSwiftPackageProductDependency section */
	};
	rootObject = 947E24732A45A27F00C759F7 /* Project object */;
}
